
Microsoft Visual Studio Solution File, Format Version 12.00
# Visual Studio Version 16
VisualStudioVersion = 16.0.30611.23
MinimumVisualStudioVersion = 10.0.40219.1
Project("{2150E333-8FDC-42A3-9474-1A3956D46DE8}") = "Solution Items", "Solution Items", "{ED77104F-5CE1-4611-A1B0-F6B715F73B2E}"
	ProjectSection(SolutionItems) = preProject
		..\..\README.md = ..\..\README.md
	EndProjectSection
EndProject
Project("{9A19103F-16F7-4668-BE54-9A1E7A4F7556}") = "Wild.TestHelpers", "Wild.TestHelpers\Wild.TestHelpers.csproj", "{45066888-450D-4ADD-B4B9-B7931481A54C}"
EndProject
Project("{9A19103F-16F7-4668-BE54-9A1E7A4F7556}") = "Wild.TestHelpers.Tests", "Wild.TestHelpers.Tests\Wild.TestHelpers.Tests.csproj", "{C08E0861-3800-4D37-971D-C595020BDC78}"
EndProject
Project("{FAE04EC0-301F-11D3-BF4B-00C04F79EFBC}") = "Wild.Mvvm.Xamarin.Forms", "Wild.Mvvm.Xamarin.Forms\Wild.Mvvm.Xamarin.Forms.csproj", "{FE3EBCA7-7632-4252-92D3-8B27233DA5D2}"
EndProject
Project("{FAE04EC0-301F-11D3-BF4B-00C04F79EFBC}") = "Wild.Mvvm.Xamarin.Forms.Tests", "Wild.Mvvm.Xamarin.Forms.Tests\Wild.Mvvm.Xamarin.Forms.Tests.csproj", "{2DAE19A9-02C1-443E-9FB3-12FBB8AA2AAB}"
EndProject
Global
	GlobalSection(SolutionConfigurationPlatforms) = preSolution
		Debug|Any CPU = Debug|Any CPU
		Release|Any CPU = Release|Any CPU
	EndGlobalSection
	GlobalSection(ProjectConfigurationPlatforms) = postSolution
		{45066888-450D-4ADD-B4B9-B7931481A54C}.Debug|Any CPU.ActiveCfg = Debug|Any CPU
		{45066888-450D-4ADD-B4B9-B7931481A54C}.Debug|Any CPU.Build.0 = Debug|Any CPU
		{45066888-450D-4ADD-B4B9-B7931481A54C}.Release|Any CPU.ActiveCfg = Release|Any CPU
		{45066888-450D-4ADD-B4B9-B7931481A54C}.Release|Any CPU.Build.0 = Release|Any CPU
		{C08E0861-3800-4D37-971D-C595020BDC78}.Debug|Any CPU.ActiveCfg = Debug|Any CPU
		{C08E0861-3800-4D37-971D-C595020BDC78}.Debug|Any CPU.Build.0 = Debug|Any CPU
		{C08E0861-3800-4D37-971D-C595020BDC78}.Release|Any CPU.ActiveCfg = Release|Any CPU
		{C08E0861-3800-4D37-971D-C595020BDC78}.Release|Any CPU.Build.0 = Release|Any CPU
		{FE3EBCA7-7632-4252-92D3-8B27233DA5D2}.Debug|Any CPU.ActiveCfg = Debug|Any CPU
		{FE3EBCA7-7632-4252-92D3-8B27233DA5D2}.Debug|Any CPU.Build.0 = Debug|Any CPU
		{FE3EBCA7-7632-4252-92D3-8B27233DA5D2}.Release|Any CPU.ActiveCfg = Release|Any CPU
		{FE3EBCA7-7632-4252-92D3-8B27233DA5D2}.Release|Any CPU.Build.0 = Release|Any CPU
		{2DAE19A9-02C1-443E-9FB3-12FBB8AA2AAB}.Debug|Any CPU.ActiveCfg = Debug|Any CPU
		{2DAE19A9-02C1-443E-9FB3-12FBB8AA2AAB}.Debug|Any CPU.Build.0 = Debug|Any CPU
		{2DAE19A9-02C1-443E-9FB3-12FBB8AA2AAB}.Release|Any CPU.ActiveCfg = Release|Any CPU
		{2DAE19A9-02C1-443E-9FB3-12FBB8AA2AAB}.Release|Any CPU.Build.0 = Release|Any CPU
	EndGlobalSection
	GlobalSection(SolutionProperties) = preSolution
		HideSolutionNode = FALSE
	EndGlobalSection
	GlobalSection(ExtensibilityGlobals) = postSolution
		SolutionGuid = {8A4CFB84-908C-4286-9DD8-05002992B34E}
	EndGlobalSection
EndGlobal
